
Microsoft Visual Studio Solution File, Format Version 12.00
# Visual Studio Version 16
VisualStudioVersion = 25.0.1704.1
MinimumVisualStudioVersion = 10.0.40219.1
Project("{FAE04EC0-301F-11D3-BF4B-00C04F79EFBC}") = "PokemonAPI", "PokemonAPI\PokemonAPI.csproj", "{16B7562A-4071-4EEE-895A-4091F6918573}"
EndProject
Global
	GlobalSection(SolutionConfigurationPlatforms) = preSolution
		Debug|Any CPU = Debug|Any CPU
		Release|Any CPU = Release|Any CPU
	EndGlobalSection
	GlobalSection(ProjectConfigurationPlatforms) = postSolution
		{16B7562A-4071-4EEE-895A-4091F6918573}.Debug|Any CPU.ActiveCfg = Debug|Any CPU
		{16B7562A-4071-4EEE-895A-4091F6918573}.Debug|Any CPU.Build.0 = Debug|Any CPU
		{16B7562A-4071-4EEE-895A-4091F6918573}.Release|Any CPU.ActiveCfg = Release|Any CPU
		{16B7562A-4071-4EEE-895A-4091F6918573}.Release|Any CPU.Build.0 = Release|Any CPU
	EndGlobalSection
	GlobalSection(SolutionProperties) = preSolution
		HideSolutionNode = FALSE
	EndGlobalSection
	GlobalSection(ExtensibilityGlobals) = postSolution
		SolutionGuid = {5D9B5044-E47B-4624-9CC4-8595F86911D5}
	EndGlobalSection
EndGlobal
